
Microsoft Visual Studio Solution File, Format Version 12.00
# Visual Studio 14
VisualStudioVersion = 14.0.24720.0
MinimumVisualStudioVersion = 10.0.40219.1
Project("{FAE04EC0-301F-11D3-BF4B-00C04F79EFBC}") = "StackPanel", "StackPanel\StackPanel.csproj", "{43A07FB1-91C5-4DBE-91FE-1A5DD7BC7148}"
EndProject
Project("{FAE04EC0-301F-11D3-BF4B-00C04F79EFBC}") = "RelativePanel", "RelativePanel\RelativePanel.csproj", "{EDDFFEED-0BAA-4AC1-85D9-8451F76CFFD2}"
EndProject
Project("{FAE04EC0-301F-11D3-BF4B-00C04F79EFBC}") = "GridExampleApp", "GridExampleApp\GridExampleApp.csproj", "{C9C37C3A-DD94-490C-A038-62291ED30698}"
EndProject
Project("{FAE04EC0-301F-11D3-BF4B-00C04F79EFBC}") = "LayoutExampleApp", "LayoutExampleApp\LayoutExampleApp.csproj", "{B1E98EE7-785F-4EDC-B6B2-97430A37D38D}"
EndProject
Project("{FAE04EC0-301F-11D3-BF4B-00C04F79EFBC}") = "LottoExampleApp", "LottoExampleApp\LottoExampleApp.csproj", "{76D80587-4007-4379-B65E-FF6B3516C5B7}"
EndProject
Global
	GlobalSection(SolutionConfigurationPlatforms) = preSolution
		Debug|ARM = Debug|ARM
		Debug|x64 = Debug|x64
		Debug|x86 = Debug|x86
		Release|ARM = Release|ARM
		Release|x64 = Release|x64
		Release|x86 = Release|x86
	EndGlobalSection
	GlobalSection(ProjectConfigurationPlatforms) = postSolution
		{43A07FB1-91C5-4DBE-91FE-1A5DD7BC7148}.Debug|ARM.ActiveCfg = Debug|ARM
		{43A07FB1-91C5-4DBE-91FE-1A5DD7BC7148}.Debug|ARM.Build.0 = Debug|ARM
		{43A07FB1-91C5-4DBE-91FE-1A5DD7BC7148}.Debug|ARM.Deploy.0 = Debug|ARM
		{43A07FB1-91C5-4DBE-91FE-1A5DD7BC7148}.Debug|x64.ActiveCfg = Debug|x64
		{43A07FB1-91C5-4DBE-91FE-1A5DD7BC7148}.Debug|x64.Build.0 = Debug|x64
		{43A07FB1-91C5-4DBE-91FE-1A5DD7BC7148}.Debug|x64.Deploy.0 = Debug|x64
		{43A07FB1-91C5-4DBE-91FE-1A5DD7BC7148}.Debug|x86.ActiveCfg = Debug|x86
		{43A07FB1-91C5-4DBE-91FE-1A5DD7BC7148}.Debug|x86.Build.0 = Debug|x86
		{43A07FB1-91C5-4DBE-91FE-1A5DD7BC7148}.Debug|x86.Deploy.0 = Debug|x86
		{43A07FB1-91C5-4DBE-91FE-1A5DD7BC7148}.Release|ARM.ActiveCfg = Release|ARM
		{43A07FB1-91C5-4DBE-91FE-1A5DD7BC7148}.Release|ARM.Build.0 = Release|ARM
		{43A07FB1-91C5-4DBE-91FE-1A5DD7BC7148}.Release|ARM.Deploy.0 = Release|ARM
		{43A07FB1-91C5-4DBE-91FE-1A5DD7BC7148}.Release|x64.ActiveCfg = Release|x64
		{43A07FB1-91C5-4DBE-91FE-1A5DD7BC7148}.Release|x64.Build.0 = Release|x64
		{43A07FB1-91C5-4DBE-91FE-1A5DD7BC7148}.Release|x64.Deploy.0 = Release|x64
		{43A07FB1-91C5-4DBE-91FE-1A5DD7BC7148}.Release|x86.ActiveCfg = Release|x86
		{43A07FB1-91C5-4DBE-91FE-1A5DD7BC7148}.Release|x86.Build.0 = Release|x86
		{43A07FB1-91C5-4DBE-91FE-1A5DD7BC7148}.Release|x86.Deploy.0 = Release|x86
		{EDDFFEED-0BAA-4AC1-85D9-8451F76CFFD2}.Debug|ARM.ActiveCfg = Debug|ARM
		{EDDFFEED-0BAA-4AC1-85D9-8451F76CFFD2}.Debug|ARM.Build.0 = Debug|ARM
		{EDDFFEED-0BAA-4AC1-85D9-8451F76CFFD2}.Debug|ARM.Deploy.0 = Debug|ARM
		{EDDFFEED-0BAA-4AC1-85D9-8451F76CFFD2}.Debug|x64.ActiveCfg = Debug|x64
		{EDDFFEED-0BAA-4AC1-85D9-8451F76CFFD2}.Debug|x64.Build.0 = Debug|x64
		{EDDFFEED-0BAA-4AC1-85D9-8451F76CFFD2}.Debug|x64.Deploy.0 = Debug|x64
		{EDDFFEED-0BAA-4AC1-85D9-8451F76CFFD2}.Debug|x86.ActiveCfg = Debug|x86
		{EDDFFEED-0BAA-4AC1-85D9-8451F76CFFD2}.Debug|x86.Build.0 = Debug|x86
		{EDDFFEED-0BAA-4AC1-85D9-8451F76CFFD2}.Debug|x86.Deploy.0 = Debug|x86
		{EDDFFEED-0BAA-4AC1-85D9-8451F76CFFD2}.Release|ARM.ActiveCfg = Release|ARM
		{EDDFFEED-0BAA-4AC1-85D9-8451F76CFFD2}.Release|ARM.Build.0 = Release|ARM
		{EDDFFEED-0BAA-4AC1-85D9-8451F76CFFD2}.Release|ARM.Deploy.0 = Release|ARM
		{EDDFFEED-0BAA-4AC1-85D9-8451F76CFFD2}.Release|x64.ActiveCfg = Release|x64
		{EDDFFEED-0BAA-4AC1-85D9-8451F76CFFD2}.Release|x64.Build.0 = Release|x64
		{EDDFFEED-0BAA-4AC1-85D9-8451F76CFFD2}.Release|x64.Deploy.0 = Release|x64
		{EDDFFEED-0BAA-4AC1-85D9-8451F76CFFD2}.Release|x86.ActiveCfg = Release|x86
		{EDDFFEED-0BAA-4AC1-85D9-8451F76CFFD2}.Release|x86.Build.0 = Release|x86
		{EDDFFEED-0BAA-4AC1-85D9-8451F76CFFD2}.Release|x86.Deploy.0 = Release|x86
		{C9C37C3A-DD94-490C-A038-62291ED30698}.Debug|ARM.ActiveCfg = Debug|ARM
		{C9C37C3A-DD94-490C-A038-62291ED30698}.Debug|ARM.Build.0 = Debug|ARM
		{C9C37C3A-DD94-490C-A038-62291ED30698}.Debug|ARM.Deploy.0 = Debug|ARM
		{C9C37C3A-DD94-490C-A038-62291ED30698}.Debug|x64.ActiveCfg = Debug|x64
		{C9C37C3A-DD94-490C-A038-62291ED30698}.Debug|x64.Build.0 = Debug|x64
		{C9C37C3A-DD94-490C-A038-62291ED30698}.Debug|x64.Deploy.0 = Debug|x64
		{C9C37C3A-DD94-490C-A038-62291ED30698}.Debug|x86.ActiveCfg = Debug|x86
		{C9C37C3A-DD94-490C-A038-62291ED30698}.Debug|x86.Build.0 = Debug|x86
		{C9C37C3A-DD94-490C-A038-62291ED30698}.Debug|x86.Deploy.0 = Debug|x86
		{C9C37C3A-DD94-490C-A038-62291ED30698}.Release|ARM.ActiveCfg = Release|ARM
		{C9C37C3A-DD94-490C-A038-62291ED30698}.Release|ARM.Build.0 = Release|ARM
		{C9C37C3A-DD94-490C-A038-62291ED30698}.Release|ARM.Deploy.0 = Release|ARM
		{C9C37C3A-DD94-490C-A038-62291ED30698}.Release|x64.ActiveCfg = Release|x64
		{C9C37C3A-DD94-490C-A038-62291ED30698}.Release|x64.Build.0 = Release|x64
		{C9C37C3A-DD94-490C-A038-62291ED30698}.Release|x64.Deploy.0 = Release|x64
		{C9C37C3A-DD94-490C-A038-62291ED30698}.Release|x86.ActiveCfg = Release|x86
		{C9C37C3A-DD94-490C-A038-62291ED30698}.Release|x86.Build.0 = Release|x86
		{C9C37C3A-DD94-490C-A038-62291ED30698}.Release|x86.Deploy.0 = Release|x86
		{B1E98EE7-785F-4EDC-B6B2-97430A37D38D}.Debug|ARM.ActiveCfg = Debug|ARM
		{B1E98EE7-785F-4EDC-B6B2-97430A37D38D}.Debug|ARM.Build.0 = Debug|ARM
		{B1E98EE7-785F-4EDC-B6B2-97430A37D38D}.Debug|ARM.Deploy.0 = Debug|ARM
		{B1E98EE7-785F-4EDC-B6B2-97430A37D38D}.Debug|x64.ActiveCfg = Debug|x64
		{B1E98EE7-785F-4EDC-B6B2-97430A37D38D}.Debug|x64.Build.0 = Debug|x64
		{B1E98EE7-785F-4EDC-B6B2-97430A37D38D}.Debug|x64.Deploy.0 = Debug|x64
		{B1E98EE7-785F-4EDC-B6B2-97430A37D38D}.Debug|x86.ActiveCfg = Debug|x86
		{B1E98EE7-785F-4EDC-B6B2-97430A37D38D}.Debug|x86.Build.0 = Debug|x86
		{B1E98EE7-785F-4EDC-B6B2-97430A37D38D}.Debug|x86.Deploy.0 = Debug|x86
		{B1E98EE7-785F-4EDC-B6B2-97430A37D38D}.Release|ARM.ActiveCfg = Release|ARM
		{B1E98EE7-785F-4EDC-B6B2-97430A37D38D}.Release|ARM.Build.0 = Release|ARM
		{B1E98EE7-785F-4EDC-B6B2-97430A37D38D}.Release|ARM.Deploy.0 = Release|ARM
		{B1E98EE7-785F-4EDC-B6B2-97430A37D38D}.Release|x64.ActiveCfg = Release|x64
		{B1E98EE7-785F-4EDC-B6B2-97430A37D38D}.Release|x64.Build.0 = Release|x64
		{B1E98EE7-785F-4EDC-B6B2-97430A37D38D}.Release|x64.Deploy.0 = Release|x64
		{B1E98EE7-785F-4EDC-B6B2-97430A37D38D}.Release|x86.ActiveCfg = Release|x86
		{B1E98EE7-785F-4EDC-B6B2-97430A37D38D}.Release|x86.Build.0 = Release|x86
		{B1E98EE7-785F-4EDC-B6B2-97430A37D38D}.Release|x86.Deploy.0 = Release|x86
		{76D80587-4007-4379-B65E-FF6B3516C5B7}.Debug|ARM.ActiveCfg = Debug|ARM
		{76D80587-4007-4379-B65E-FF6B3516C5B7}.Debug|ARM.Build.0 = Debug|ARM
		{76D80587-4007-4379-B65E-FF6B3516C5B7}.Debug|ARM.Deploy.0 = Debug|ARM
		{76D80587-4007-4379-B65E-FF6B3516C5B7}.Debug|x64.ActiveCfg = Debug|x64
		{76D80587-4007-4379-B65E-FF6B3516C5B7}.Debug|x64.Build.0 = Debug|x64
		{76D80587-4007-4379-B65E-FF6B3516C5B7}.Debug|x64.Deploy.0 = Debug|x64
		{76D80587-4007-4379-B65E-FF6B3516C5B7}.Debug|x86.ActiveCfg = Debug|x86
		{76D80587-4007-4379-B65E-FF6B3516C5B7}.Debug|x86.Build.0 = Debug|x86
		{76D80587-4007-4379-B65E-FF6B3516C5B7}.Debug|x86.Deploy.0 = Debug|x86
		{76D80587-4007-4379-B65E-FF6B3516C5B7}.Release|ARM.ActiveCfg = Release|ARM
		{76D80587-4007-4379-B65E-FF6B3516C5B7}.Release|ARM.Build.0 = Release|ARM
		{76D80587-4007-4379-B65E-FF6B3516C5B7}.Release|ARM.Deploy.0 = Release|ARM
		{76D80587-4007-4379-B65E-FF6B3516C5B7}.Release|x64.ActiveCfg = Release|x64
		{76D80587-4007-4379-B65E-FF6B3516C5B7}.Release|x64.Build.0 = Release|x64
		{76D80587-4007-4379-B65E-FF6B3516C5B7}.Release|x64.Deploy.0 = Release|x64
		{76D80587-4007-4379-B65E-FF6B3516C5B7}.Release|x86.ActiveCfg = Release|x86
		{76D80587-4007-4379-B65E-FF6B3516C5B7}.Release|x86.Build.0 = Release|x86
		{76D80587-4007-4379-B65E-FF6B3516C5B7}.Release|x86.Deploy.0 = Release|x86
	EndGlobalSection
	GlobalSection(SolutionProperties) = preSolution
		HideSolutionNode = FALSE
	EndGlobalSection
EndGlobal
